
Microsoft Visual Studio Solution File, Format Version 12.00
# Visual Studio Version 17
VisualStudioVersion = 17.14.35806.103 d17.14
MinimumVisualStudioVersion = 10.0.40219.1
Project("{FAE04EC0-301F-11D3-BF4B-00C04F79EFBC}") = "DotNetCoreTwoPointOne", "DotNetCoreTwoPointOne\DotNetCoreTwoPointOne.csproj", "{57A20F79-9017-4571-BBA4-C88D22E08944}"
EndProject
Project("{FAE04EC0-301F-11D3-BF4B-00C04F79EFBC}") = "DotNetCoreThreePointOne", "DotNetCoreThreePointOne\DotNetCoreThreePointOne.csproj", "{B5E80783-DD85-402E-A01B-C86AA3ED47BC}"
EndProject
Global
	GlobalSection(SolutionConfigurationPlatforms) = preSolution
		Debug|Any CPU = Debug|Any CPU
		Release|Any CPU = Release|Any CPU
	EndGlobalSection
	GlobalSection(ProjectConfigurationPlatforms) = postSolution
		{57A20F79-9017-4571-BBA4-C88D22E08944}.Debug|Any CPU.ActiveCfg = Debug|Any CPU
		{57A20F79-9017-4571-BBA4-C88D22E08944}.Debug|Any CPU.Build.0 = Debug|Any CPU
		{57A20F79-9017-4571-BBA4-C88D22E08944}.Release|Any CPU.ActiveCfg = Release|Any CPU
		{57A20F79-9017-4571-BBA4-C88D22E08944}.Release|Any CPU.Build.0 = Release|Any CPU
		{B5E80783-DD85-402E-A01B-C86AA3ED47BC}.Debug|Any CPU.ActiveCfg = Debug|Any CPU
		{B5E80783-DD85-402E-A01B-C86AA3ED47BC}.Debug|Any CPU.Build.0 = Debug|Any CPU
		{B5E80783-DD85-402E-A01B-C86AA3ED47BC}.Release|Any CPU.ActiveCfg = Release|Any CPU
		{B5E80783-DD85-402E-A01B-C86AA3ED47BC}.Release|Any CPU.Build.0 = Release|Any CPU
	EndGlobalSection
	GlobalSection(SolutionProperties) = preSolution
		HideSolutionNode = FALSE
	EndGlobalSection
	GlobalSection(ExtensibilityGlobals) = postSolution
		SolutionGuid = {9665EAB8-6FE8-4EC9-B596-70078F58307E}
	EndGlobalSection
EndGlobal
